{
    "_readme": [
        "This file locks the dependencies of your project to a known state",
        "Read more about it at https://getcomposer.org/doc/01-basic-usage.md#installing-dependencies",
        "This file is @generated automatically"
    ],
    "content-hash": "5f2b610729137f9f2c49e9bab2df3d13",
    "packages": [
        {
            "name": "doctrine/annotations",
            "version": "v1.7.0",
            "source": {
                "type": "git",
                "url": "https://github.com/doctrine/annotations.git",
                "reference": "fa4c4e861e809d6a1103bd620cce63ed91aedfeb"
            },
            "dist": {
                "type": "zip",
                "url": "https://api.github.com/repos/doctrine/annotations/zipball/fa4c4e861e809d6a1103bd620cce63ed91aedfeb",
                "reference": "fa4c4e861e809d6a1103bd620cce63ed91aedfeb",
                "shasum": ""
            },
            "require": {
                "doctrine/lexer": "1.*",
                "php": "^7.1"
            },
            "require-dev": {
                "doctrine/cache": "1.*",
                "phpunit/phpunit": "^7.5@dev"
            },
            "type": "library",
            "extra": {
                "branch-alias": {
                    "dev-master": "1.7.x-dev"
                }
            },
            "autoload": {
                "psr-4": {
                    "Doctrine\\Common\\Annotations\\": "lib/Doctrine/Common/Annotations"
                }
            },
            "notification-url": "https://packagist.org/downloads/",
            "license": [
                "MIT"
            ],
            "authors": [
                {
                    "name": "Guilherme Blanco",
                    "email": "guilhermeblanco@gmail.com"
                },
                {
                    "name": "Roman Borschel",
                    "email": "roman@code-factory.org"
                },
                {
                    "name": "Benjamin Eberlei",
                    "email": "kontakt@beberlei.de"
                },
                {
                    "name": "Jonathan Wage",
                    "email": "jonwage@gmail.com"
                },
                {
                    "name": "Johannes Schmitt",
                    "email": "schmittjoh@gmail.com"
                }
            ],
            "description": "Docblock Annotations Parser",
            "homepage": "http://www.doctrine-project.org",
            "keywords": [
                "annotations",
                "docblock",
                "parser"
            ],
            "time": "2019-08-08T18:11:40+00:00"
        },
        {
            "name": "doctrine/cache",
            "version": "v1.8.0",
            "source": {
                "type": "git",
                "url": "https://github.com/doctrine/cache.git",
                "reference": "d768d58baee9a4862ca783840eca1b9add7a7f57"
            },
            "dist": {
                "type": "zip",
                "url": "https://api.github.com/repos/doctrine/cache/zipball/d768d58baee9a4862ca783840eca1b9add7a7f57",
                "reference": "d768d58baee9a4862ca783840eca1b9add7a7f57",
                "shasum": ""
            },
            "require": {
                "php": "~7.1"
            },
            "conflict": {
                "doctrine/common": ">2.2,<2.4"
            },
            "require-dev": {
                "alcaeus/mongo-php-adapter": "^1.1",
                "doctrine/coding-standard": "^4.0",
                "mongodb/mongodb": "^1.1",
                "phpunit/phpunit": "^7.0",
                "predis/predis": "~1.0"
            },
            "suggest": {
                "alcaeus/mongo-php-adapter": "Required to use legacy MongoDB driver"
            },
            "type": "library",
            "extra": {
                "branch-alias": {
                    "dev-master": "1.8.x-dev"
                }
            },
            "autoload": {
                "psr-4": {
                    "Doctrine\\Common\\Cache\\": "lib/Doctrine/Common/Cache"
                }
            },
            "notification-url": "https://packagist.org/downloads/",
            "license": [
                "MIT"
            ],
            "authors": [
                {
                    "name": "Roman Borschel",
                    "email": "roman@code-factory.org"
                },
                {
                    "name": "Benjamin Eberlei",
                    "email": "kontakt@beberlei.de"
                },
                {
                    "name": "Guilherme Blanco",
                    "email": "guilhermeblanco@gmail.com"
                },
                {
                    "name": "Jonathan Wage",
                    "email": "jonwage@gmail.com"
                },
                {
                    "name": "Johannes Schmitt",
                    "email": "schmittjoh@gmail.com"
                }
            ],
            "description": "Caching library offering an object-oriented API for many cache backends",
            "homepage": "https://www.doctrine-project.org",
            "keywords": [
                "cache",
                "caching"
            ],
            "time": "2018-08-21T18:01:43+00:00"
        },
        {
            "name": "doctrine/collections",
            "version": "v1.6.2",
            "source": {
                "type": "git",
                "url": "https://github.com/doctrine/collections.git",
                "reference": "c5e0bc17b1620e97c968ac409acbff28b8b850be"
            },
            "dist": {
                "type": "zip",
                "url": "https://api.github.com/repos/doctrine/collections/zipball/c5e0bc17b1620e97c968ac409acbff28b8b850be",
                "reference": "c5e0bc17b1620e97c968ac409acbff28b8b850be",
                "shasum": ""
            },
            "require": {
                "php": "^7.1.3"
            },
            "require-dev": {
                "doctrine/coding-standard": "^6.0",
                "phpstan/phpstan-shim": "^0.9.2",
                "phpunit/phpunit": "^7.0",
                "vimeo/psalm": "^3.2.2"
            },
            "type": "library",
            "extra": {
                "branch-alias": {
                    "dev-master": "1.6.x-dev"
                }
            },
            "autoload": {
                "psr-4": {
                    "Doctrine\\Common\\Collections\\": "lib/Doctrine/Common/Collections"
                }
            },
            "notification-url": "https://packagist.org/downloads/",
            "license": [
                "MIT"
            ],
            "authors": [
                {
                    "name": "Roman Borschel",
                    "email": "roman@code-factory.org"
                },
                {
                    "name": "Benjamin Eberlei",
                    "email": "kontakt@beberlei.de"
                },
                {
                    "name": "Guilherme Blanco",
                    "email": "guilhermeblanco@gmail.com"
                },
                {
                    "name": "Jonathan Wage",
                    "email": "jonwage@gmail.com"
                },
                {
                    "name": "Johannes Schmitt",
                    "email": "schmittjoh@gmail.com"
                }
            ],
            "description": "PHP Doctrine Collections library that adds additional functionality on top of PHP arrays.",
            "homepage": "https://www.doctrine-project.org/projects/collections.html",
            "keywords": [
                "array",
                "collections",
                "iterators",
                "php"
            ],
            "time": "2019-06-09T13:48:14+00:00"
        },
        {
            "name": "doctrine/common",
            "version": "v2.11.0",
            "source": {
                "type": "git",
                "url": "https://github.com/doctrine/common.git",
                "reference": "b8ca1dcf6b0dc8a2af7a09baac8d0c48345df4ff"
            },
            "dist": {
                "type": "zip",
                "url": "https://api.github.com/repos/doctrine/common/zipball/b8ca1dcf6b0dc8a2af7a09baac8d0c48345df4ff",
                "reference": "b8ca1dcf6b0dc8a2af7a09baac8d0c48345df4ff",
                "shasum": ""
            },
            "require": {
                "doctrine/annotations": "^1.0",
                "doctrine/cache": "^1.0",
                "doctrine/collections": "^1.0",
                "doctrine/event-manager": "^1.0",
                "doctrine/inflector": "^1.0",
                "doctrine/lexer": "^1.0",
                "doctrine/persistence": "^1.1",
                "doctrine/reflection": "^1.0",
                "php": "^7.1"
            },
            "require-dev": {
                "doctrine/coding-standard": "^1.0",
                "phpstan/phpstan": "^0.11",
                "phpstan/phpstan-phpunit": "^0.11",
                "phpunit/phpunit": "^7.0",
                "squizlabs/php_codesniffer": "^3.0",
                "symfony/phpunit-bridge": "^4.0.5"
            },
            "type": "library",
            "extra": {
                "branch-alias": {
                    "dev-master": "2.11.x-dev"
                }
            },
            "autoload": {
                "psr-4": {
                    "Doctrine\\Common\\": "lib/Doctrine/Common"
                }
            },
            "notification-url": "https://packagist.org/downloads/",
            "license": [
                "MIT"
            ],
            "authors": [
                {
                    "name": "Guilherme Blanco",
                    "email": "guilhermeblanco@gmail.com"
                },
                {
                    "name": "Roman Borschel",
                    "email": "roman@code-factory.org"
                },
                {
                    "name": "Benjamin Eberlei",
                    "email": "kontakt@beberlei.de"
                },
                {
                    "name": "Jonathan Wage",
                    "email": "jonwage@gmail.com"
                },
                {
                    "name": "Johannes Schmitt",
                    "email": "schmittjoh@gmail.com"
                },
                {
                    "name": "Marco Pivetta",
                    "email": "ocramius@gmail.com"
                }
            ],
            "description": "PHP Doctrine Common project is a library that provides additional functionality that other Doctrine projects depend on such as better reflection support, persistence interfaces, proxies, event system and much more.",
            "homepage": "https://www.doctrine-project.org/projects/common.html",
            "keywords": [
                "common",
                "doctrine",
                "php"
            ],
            "time": "2019-09-10T10:10:14+00:00"
        },
        {
            "name": "doctrine/event-manager",
            "version": "v1.0.0",
            "source": {
                "type": "git",
                "url": "https://github.com/doctrine/event-manager.git",
                "reference": "a520bc093a0170feeb6b14e9d83f3a14452e64b3"
            },
            "dist": {
                "type": "zip",
                "url": "https://api.github.com/repos/doctrine/event-manager/zipball/a520bc093a0170feeb6b14e9d83f3a14452e64b3",
                "reference": "a520bc093a0170feeb6b14e9d83f3a14452e64b3",
                "shasum": ""
            },
            "require": {
                "php": "^7.1"
            },
            "conflict": {
                "doctrine/common": "<2.9@dev"
            },
            "require-dev": {
                "doctrine/coding-standard": "^4.0",
                "phpunit/phpunit": "^7.0"
            },
            "type": "library",
            "extra": {
                "branch-alias": {
                    "dev-master": "1.0.x-dev"
                }
            },
            "autoload": {
                "psr-4": {
                    "Doctrine\\Common\\": "lib/Doctrine/Common"
                }
            },
            "notification-url": "https://packagist.org/downloads/",
            "license": [
                "MIT"
            ],
            "authors": [
                {
                    "name": "Roman Borschel",
                    "email": "roman@code-factory.org"
                },
                {
                    "name": "Benjamin Eberlei",
                    "email": "kontakt@beberlei.de"
                },
                {
                    "name": "Guilherme Blanco",
                    "email": "guilhermeblanco@gmail.com"
                },
                {
                    "name": "Jonathan Wage",
                    "email": "jonwage@gmail.com"
                },
                {
                    "name": "Johannes Schmitt",
                    "email": "schmittjoh@gmail.com"
                },
                {
                    "name": "Marco Pivetta",
                    "email": "ocramius@gmail.com"
                }
            ],
            "description": "Doctrine Event Manager component",
            "homepage": "https://www.doctrine-project.org/projects/event-manager.html",
            "keywords": [
                "event",
                "eventdispatcher",
                "eventmanager"
            ],
            "time": "2018-06-11T11:59:03+00:00"
        },
        {
            "name": "doctrine/inflector",
            "version": "v1.3.0",
            "source": {
                "type": "git",
                "url": "https://github.com/doctrine/inflector.git",
                "reference": "5527a48b7313d15261292c149e55e26eae771b0a"
            },
            "dist": {
                "type": "zip",
                "url": "https://api.github.com/repos/doctrine/inflector/zipball/5527a48b7313d15261292c149e55e26eae771b0a",
                "reference": "5527a48b7313d15261292c149e55e26eae771b0a",
                "shasum": ""
            },
            "require": {
                "php": "^7.1"
            },
            "require-dev": {
                "phpunit/phpunit": "^6.2"
            },
            "type": "library",
            "extra": {
                "branch-alias": {
                    "dev-master": "1.3.x-dev"
                }
            },
            "autoload": {
                "psr-4": {
                    "Doctrine\\Common\\Inflector\\": "lib/Doctrine/Common/Inflector"
                }
            },
            "notification-url": "https://packagist.org/downloads/",
            "license": [
                "MIT"
            ],
            "authors": [
                {
                    "name": "Roman Borschel",
                    "email": "roman@code-factory.org"
                },
                {
                    "name": "Benjamin Eberlei",
                    "email": "kontakt@beberlei.de"
                },
                {
                    "name": "Guilherme Blanco",
                    "email": "guilhermeblanco@gmail.com"
                },
                {
                    "name": "Jonathan Wage",
                    "email": "jonwage@gmail.com"
                },
                {
                    "name": "Johannes Schmitt",
                    "email": "schmittjoh@gmail.com"
                }
            ],
            "description": "Common String Manipulations with regard to casing and singular/plural rules.",
            "homepage": "http://www.doctrine-project.org",
            "keywords": [
                "inflection",
                "pluralize",
                "singularize",
                "string"
            ],
            "time": "2018-01-09T20:05:19+00:00"
        },
        {
            "name": "doctrine/lexer",
            "version": "1.0.2",
            "source": {
                "type": "git",
                "url": "https://github.com/doctrine/lexer.git",
                "reference": "1febd6c3ef84253d7c815bed85fc622ad207a9f8"
            },
            "dist": {
                "type": "zip",
                "url": "https://api.github.com/repos/doctrine/lexer/zipball/1febd6c3ef84253d7c815bed85fc622ad207a9f8",
                "reference": "1febd6c3ef84253d7c815bed85fc622ad207a9f8",
                "shasum": ""
            },
            "require": {
                "php": ">=5.3.2"
            },
            "require-dev": {
                "phpunit/phpunit": "^4.5"
            },
            "type": "library",
            "extra": {
                "branch-alias": {
                    "dev-master": "1.0.x-dev"
                }
            },
            "autoload": {
                "psr-4": {
                    "Doctrine\\Common\\Lexer\\": "lib/Doctrine/Common/Lexer"
                }
            },
            "notification-url": "https://packagist.org/downloads/",
            "license": [
                "MIT"
            ],
            "authors": [
                {
                    "name": "Roman Borschel",
                    "email": "roman@code-factory.org"
                },
                {
                    "name": "Guilherme Blanco",
                    "email": "guilhermeblanco@gmail.com"
                },
                {
                    "name": "Johannes Schmitt",
                    "email": "schmittjoh@gmail.com"
                }
            ],
            "description": "PHP Doctrine Lexer parser library that can be used in Top-Down, Recursive Descent Parsers.",
            "homepage": "https://www.doctrine-project.org/projects/lexer.html",
            "keywords": [
                "annotations",
                "docblock",
                "lexer",
                "parser",
                "php"
            ],
            "time": "2019-06-08T11:03:04+00:00"
        },
        {
            "name": "doctrine/persistence",
            "version": "1.1.1",
            "source": {
                "type": "git",
                "url": "https://github.com/doctrine/persistence.git",
                "reference": "3da7c9d125591ca83944f477e65ed3d7b4617c48"
            },
            "dist": {
                "type": "zip",
                "url": "https://api.github.com/repos/doctrine/persistence/zipball/3da7c9d125591ca83944f477e65ed3d7b4617c48",
                "reference": "3da7c9d125591ca83944f477e65ed3d7b4617c48",
                "shasum": ""
            },
            "require": {
                "doctrine/annotations": "^1.0",
                "doctrine/cache": "^1.0",
                "doctrine/collections": "^1.0",
                "doctrine/event-manager": "^1.0",
                "doctrine/reflection": "^1.0",
                "php": "^7.1"
            },
            "conflict": {
                "doctrine/common": "<2.10@dev"
            },
            "require-dev": {
                "doctrine/coding-standard": "^5.0",
                "phpstan/phpstan": "^0.8",
                "phpunit/phpunit": "^7.0"
            },
            "type": "library",
            "extra": {
                "branch-alias": {
                    "dev-master": "1.1.x-dev"
                }
            },
            "autoload": {
                "psr-4": {
                    "Doctrine\\Common\\": "lib/Doctrine/Common"
                }
            },
            "notification-url": "https://packagist.org/downloads/",
            "license": [
                "MIT"
            ],
            "authors": [
                {
                    "name": "Roman Borschel",
                    "email": "roman@code-factory.org"
                },
                {
                    "name": "Benjamin Eberlei",
                    "email": "kontakt@beberlei.de"
                },
                {
                    "name": "Guilherme Blanco",
                    "email": "guilhermeblanco@gmail.com"
                },
                {
                    "name": "Jonathan Wage",
                    "email": "jonwage@gmail.com"
                },
                {
                    "name": "Johannes Schmitt",
                    "email": "schmittjoh@gmail.com"
                },
                {
                    "name": "Marco Pivetta",
                    "email": "ocramius@gmail.com"
                }
            ],
            "description": "The Doctrine Persistence project is a set of shared interfaces and functionality that the different Doctrine object mappers share.",
            "homepage": "https://doctrine-project.org/projects/persistence.html",
            "keywords": [
                "mapper",
                "object",
                "odm",
                "orm",
                "persistence"
            ],
            "time": "2019-04-23T08:28:24+00:00"
        },
        {
            "name": "doctrine/reflection",
            "version": "v1.0.0",
            "source": {
                "type": "git",
                "url": "https://github.com/doctrine/reflection.git",
                "reference": "02538d3f95e88eb397a5f86274deb2c6175c2ab6"
            },
            "dist": {
                "type": "zip",
                "url": "https://api.github.com/repos/doctrine/reflection/zipball/02538d3f95e88eb397a5f86274deb2c6175c2ab6",
                "reference": "02538d3f95e88eb397a5f86274deb2c6175c2ab6",
                "shasum": ""
            },
            "require": {
                "doctrine/annotations": "^1.0",
                "ext-tokenizer": "*",
                "php": "^7.1"
            },
            "require-dev": {
                "doctrine/coding-standard": "^4.0",
                "doctrine/common": "^2.8",
                "phpstan/phpstan": "^0.9.2",
                "phpstan/phpstan-phpunit": "^0.9.4",
                "phpunit/phpunit": "^7.0",
                "squizlabs/php_codesniffer": "^3.0"
            },
            "type": "library",
            "extra": {
                "branch-alias": {
                    "dev-master": "1.0.x-dev"
                }
            },
            "autoload": {
                "psr-4": {
                    "Doctrine\\Common\\": "lib/Doctrine/Common"
                }
            },
            "notification-url": "https://packagist.org/downloads/",
            "license": [
                "MIT"
            ],
            "authors": [
                {
                    "name": "Roman Borschel",
                    "email": "roman@code-factory.org"
                },
                {
                    "name": "Benjamin Eberlei",
                    "email": "kontakt@beberlei.de"
                },
                {
                    "name": "Guilherme Blanco",
                    "email": "guilhermeblanco@gmail.com"
                },
                {
                    "name": "Jonathan Wage",
                    "email": "jonwage@gmail.com"
                },
                {
                    "name": "Johannes Schmitt",
                    "email": "schmittjoh@gmail.com"
                },
                {
                    "name": "Marco Pivetta",
                    "email": "ocramius@gmail.com"
                }
            ],
            "description": "Doctrine Reflection component",
            "homepage": "https://www.doctrine-project.org/projects/reflection.html",
            "keywords": [
                "reflection"
            ],
            "time": "2018-06-14T14:45:07+00:00"
        },
        {
            "name": "mercadopago/dx-php",
            "version": "dev-master",
            "source": {
                "type": "git",
                "url": "https://github.com/mercadopago/dx-php.git",
                "reference": "55b69bcac9be15223349f53b3db0eafb3fd946aa"
            },
            "dist": {
                "type": "zip",
                "url": "https://api.github.com/repos/mercadopago/dx-php/zipball/55b69bcac9be15223349f53b3db0eafb3fd946aa",
                "reference": "55b69bcac9be15223349f53b3db0eafb3fd946aa",
                "shasum": ""
            },
            "require": {
                "doctrine/annotations": "~1.4",
                "doctrine/common": "~2.6",
                "php": ">=5.5.0"
            },
            "require-dev": {
                "doctrine/orm": "~2.3",
                "phpmd/phpmd": "@stable",
                "phpunit/phpunit": "^5",
                "sebastian/phpcpd": "*",
                "squizlabs/php_codesniffer": "2.3.*",
                "symfony/yaml": "~2.5",
                "vlucas/phpdotenv": "^2.5"
            },
            "type": "library",
            "autoload": {
                "psr-4": {
                    "MercadoPago\\": [
                        "src/MercadoPago/",
                        "tests/",
                        "src/MercadoPago/Generic/",
                        "src/MercadoPago/Entities/",
                        "src/MercadoPago/Entities/Shared/"
                    ]
                }
            },
            "notification-url": "https://packagist.org/downloads/",
            "license": [
                "MIT"
            ],
            "authors": [
                {
                    "name": "imasson",
                    "homepage": "https://github.com/imasson",
                    "role": "Developer"
                },
                {
                    "name": "joelibaceta",
                    "homepage": "https://github.com/joelibaceta",
                    "role": "Developer"
                }
            ],
            "homepage": "https://github.com/mercadopago/dx-php",
            "time": "2019-09-18T11:39:24+00:00"
        }
    ],
    "packages-dev": [],
    "aliases": [],
    "minimum-stability": "stable",
    "stability-flags": {
        "mercadopago/dx-php": 20
    },
    "prefer-stable": false,
    "prefer-lowest": false,
    "platform": [],
    "platform-dev": []
}
